
Microsoft Visual Studio Solution File, Format Version 12.00
# Visual Studio Version 17
VisualStudioVersion = 17.7.34031.279
MinimumVisualStudioVersion = 10.0.40219.1
Project("{9A19103F-16F7-4668-BE54-9A1E7A4F7556}") = "Exemple", "Exemple\Exemple.csproj", "{EB4889AD-8910-432F-9AA3-5817AE8422AC}"
EndProject
Project("{9A19103F-16F7-4668-BE54-9A1E7A4F7556}") = "Exemple.Domain", "Exemple.Domain\Exemple.Domain.csproj", "{3EC1DBDF-2D9D-4324-9CC0-121D7C5EE13A}"
EndProject
Project("{FAE04EC0-301F-11D3-BF4B-00C04F79EFBC}") = "Exemple.Data", "Exemple.Data\Exemple.Data.csproj", "{72D63BBD-66CC-4A25-A68F-50B34E6E18D5}"
	ProjectSection(ProjectDependencies) = postProject
		{3EC1DBDF-2D9D-4324-9CC0-121D7C5EE13A} = {3EC1DBDF-2D9D-4324-9CC0-121D7C5EE13A}
	EndProjectSection
EndProject
Global
	GlobalSection(SolutionConfigurationPlatforms) = preSolution
		Debug|Any CPU = Debug|Any CPU
		Release|Any CPU = Release|Any CPU
	EndGlobalSection
	GlobalSection(ProjectConfigurationPlatforms) = postSolution
		{EB4889AD-8910-432F-9AA3-5817AE8422AC}.Debug|Any CPU.ActiveCfg = Debug|Any CPU
		{EB4889AD-8910-432F-9AA3-5817AE8422AC}.Debug|Any CPU.Build.0 = Debug|Any CPU
		{EB4889AD-8910-432F-9AA3-5817AE8422AC}.Release|Any CPU.ActiveCfg = Release|Any CPU
		{EB4889AD-8910-432F-9AA3-5817AE8422AC}.Release|Any CPU.Build.0 = Release|Any CPU
		{3EC1DBDF-2D9D-4324-9CC0-121D7C5EE13A}.Debug|Any CPU.ActiveCfg = Debug|Any CPU
		{3EC1DBDF-2D9D-4324-9CC0-121D7C5EE13A}.Debug|Any CPU.Build.0 = Debug|Any CPU
		{3EC1DBDF-2D9D-4324-9CC0-121D7C5EE13A}.Release|Any CPU.ActiveCfg = Release|Any CPU
		{3EC1DBDF-2D9D-4324-9CC0-121D7C5EE13A}.Release|Any CPU.Build.0 = Release|Any CPU
		{72D63BBD-66CC-4A25-A68F-50B34E6E18D5}.Debug|Any CPU.ActiveCfg = Debug|Any CPU
		{72D63BBD-66CC-4A25-A68F-50B34E6E18D5}.Debug|Any CPU.Build.0 = Debug|Any CPU
		{72D63BBD-66CC-4A25-A68F-50B34E6E18D5}.Release|Any CPU.ActiveCfg = Release|Any CPU
		{72D63BBD-66CC-4A25-A68F-50B34E6E18D5}.Release|Any CPU.Build.0 = Release|Any CPU
	EndGlobalSection
	GlobalSection(SolutionProperties) = preSolution
		HideSolutionNode = FALSE
	EndGlobalSection
	GlobalSection(ExtensibilityGlobals) = postSolution
		SolutionGuid = {F3A3FF5D-A239-4BEE-8A54-89D10ED6D952}
	EndGlobalSection
EndGlobal
