
Microsoft Visual Studio Solution File, Format Version 12.00
# Visual Studio Version 17
VisualStudioVersion = 17.7.34031.279
MinimumVisualStudioVersion = 10.0.40219.1
Project("{FAE04EC0-301F-11D3-BF4B-00C04F79EFBC}") = "CosCumparaturi", "CosCumparaturi\CosCumparaturi.csproj", "{9056CF0B-E6CC-43F6-B039-E02E2C3194B5}"
EndProject
Global
	GlobalSection(SolutionConfigurationPlatforms) = preSolution
		Debug|Any CPU = Debug|Any CPU
		Release|Any CPU = Release|Any CPU
	EndGlobalSection
	GlobalSection(ProjectConfigurationPlatforms) = postSolution
		{9056CF0B-E6CC-43F6-B039-E02E2C3194B5}.Debug|Any CPU.ActiveCfg = Debug|Any CPU
		{9056CF0B-E6CC-43F6-B039-E02E2C3194B5}.Debug|Any CPU.Build.0 = Debug|Any CPU
		{9056CF0B-E6CC-43F6-B039-E02E2C3194B5}.Release|Any CPU.ActiveCfg = Release|Any CPU
		{9056CF0B-E6CC-43F6-B039-E02E2C3194B5}.Release|Any CPU.Build.0 = Release|Any CPU
	EndGlobalSection
	GlobalSection(SolutionProperties) = preSolution
		HideSolutionNode = FALSE
	EndGlobalSection
	GlobalSection(ExtensibilityGlobals) = postSolution
		SolutionGuid = {2C3FBC4E-22F5-4875-B7C1-803A28A14E82}
	EndGlobalSection
EndGlobal
